
Microsoft Visual Studio Solution File, Format Version 12.00
# Visual Studio Version 16
VisualStudioVersion = 16.0.30611.23
MinimumVisualStudioVersion = 10.0.40219.1
Project("{9A19103F-16F7-4668-BE54-9A1E7A4F7556}") = "Codility", "Codility.csproj", "{58AADF23-69FF-4AFC-AE69-35D1CFEF0597}"
EndProject
Global
	GlobalSection(SolutionConfigurationPlatforms) = preSolution
		Debug|Any CPU = Debug|Any CPU
		Release|Any CPU = Release|Any CPU
	EndGlobalSection
	GlobalSection(ProjectConfigurationPlatforms) = postSolution
		{58AADF23-69FF-4AFC-AE69-35D1CFEF0597}.Debug|Any CPU.ActiveCfg = Debug|Any CPU
		{58AADF23-69FF-4AFC-AE69-35D1CFEF0597}.Debug|Any CPU.Build.0 = Debug|Any CPU
		{58AADF23-69FF-4AFC-AE69-35D1CFEF0597}.Release|Any CPU.ActiveCfg = Release|Any CPU
		{58AADF23-69FF-4AFC-AE69-35D1CFEF0597}.Release|Any CPU.Build.0 = Release|Any CPU
	EndGlobalSection
	GlobalSection(SolutionProperties) = preSolution
		HideSolutionNode = FALSE
	EndGlobalSection
	GlobalSection(ExtensibilityGlobals) = postSolution
		SolutionGuid = {CC32C045-32BB-47B1-87EB-B1F70F72A3D2}
	EndGlobalSection
EndGlobal
